
Microsoft Visual Studio Solution File, Format Version 12.00
# Visual Studio Version 17
VisualStudioVersion = 17.13.35931.197 d17.13
MinimumVisualStudioVersion = 10.0.40219.1
Project("{FAE04EC0-301F-11D3-BF4B-00C04F79EFBC}") = "InfoInfo", "InfoInfo\InfoInfo.csproj", "{E333B9EE-1769-414D-BCD4-06B5AFC299DB}"
EndProject
Global
	GlobalSection(SolutionConfigurationPlatforms) = preSolution
		Debug|Any CPU = Debug|Any CPU
		Release|Any CPU = Release|Any CPU
	EndGlobalSection
	GlobalSection(ProjectConfigurationPlatforms) = postSolution
		{E333B9EE-1769-414D-BCD4-06B5AFC299DB}.Debug|Any CPU.ActiveCfg = Debug|Any CPU
		{E333B9EE-1769-414D-BCD4-06B5AFC299DB}.Debug|Any CPU.Build.0 = Debug|Any CPU
		{E333B9EE-1769-414D-BCD4-06B5AFC299DB}.Release|Any CPU.ActiveCfg = Release|Any CPU
		{E333B9EE-1769-414D-BCD4-06B5AFC299DB}.Release|Any CPU.Build.0 = Release|Any CPU
	EndGlobalSection
	GlobalSection(SolutionProperties) = preSolution
		HideSolutionNode = FALSE
	EndGlobalSection
	GlobalSection(ExtensibilityGlobals) = postSolution
		SolutionGuid = {C4D9B353-1FF7-410B-B73B-0AAA0D864B6B}
	EndGlobalSection
EndGlobal
